<?xml version="1.0" encoding="utf-8"?>
<Project ToolsVersion="4.0" xmlns="http://schemas.microsoft.com/developer/msbuild/2003">
  <ItemGroup>
    <Filter Include="SRC">
      <UniqueIdentifier>{742765e9-0039-4d37-ab3f-1f95947eed2b}</UniqueIdentifier>
    </Filter>
    <Filter Include="SRC\BOOT">
      <UniqueIdentifier>{d3ba3cf7-3294-4a9c-8d5d-855d007602e8}</UniqueIdentifier>
    </Filter>
    <Filter Include="SRC\INCLUDE">
      <UniqueIdentifier>{84e4a250-5f05-4bae-be7c-13924f6fdcc6}</UniqueIdentifier>
    </Filter>
    <Filter Include="SRC\KERNEL">
      <UniqueIdentifier>{c2346917-9a40-412b-bc73-d15a33333674}</UniqueIdentifier>
    </Filter>
    <Filter Include="SRC\LIB">
      <UniqueIdentifier>{23bf643c-1f58-42ba-8f71-f2c240ca831f}</UniqueIdentifier>
    </Filter>
    <Filter Include="INCLUDE">
      <UniqueIdentifier>{816c2ece-ebdd-4b3b-b37d-ef945520c09d}</UniqueIdentifier>
    </Filter>
    <Filter Include="SRC\MATH">
      <UniqueIdentifier>{18a78516-fd5c-446d-b665-be71d757d92f}</UniqueIdentifier>
    </Filter>
    <Filter Include="SRC\KERNEL\FS">
      <UniqueIdentifier>{51e0c470-c2fe-428a-bd8d-d3cc35bb5135}</UniqueIdentifier>
    </Filter>
    <Filter Include="SRC\INCLUDE\FS">
      <UniqueIdentifier>{433e3c12-0805-4dec-ad9a-4eb8fcd74b3f}</UniqueIdentifier>
    </Filter>
    <Filter Include="SRC\INCLUDE\FS\FAT">
      <UniqueIdentifier>{1ad400f3-bd5f-4794-8460-a73f1eb225a5}</UniqueIdentifier>
    </Filter>
    <Filter Include="SRC\KERNEL\FS\FAT">
      <UniqueIdentifier>{56fc36aa-541c-44fd-91d8-841b9d971f25}</UniqueIdentifier>
    </Filter>
  </ItemGroup>
  <ItemGroup>
    <ClInclude Include="..\SRC\INCLUDE\INTERS.h">
      <Filter>SRC\INCLUDE</Filter>
    </ClInclude>
    <ClInclude Include="..\INCLUDE\STDIO.h">
      <Filter>INCLUDE</Filter>
    </ClInclude>
    <ClInclude Include="..\INCLUDE\STRING.h">
      <Filter>INCLUDE</Filter>
    </ClInclude>
    <ClInclude Include="..\INCLUDE\INTR.h">
      <Filter>INCLUDE</Filter>
    </ClInclude>
    <ClInclude Include="..\INCLUDE\BIOS.h">
      <Filter>INCLUDE</Filter>
    </ClInclude>
    <ClInclude Include="..\INCLUDE\STDARG.h">
      <Filter>INCLUDE</Filter>
    </ClInclude>
    <ClInclude Include="..\INCLUDE\CTYPE.h">
      <Filter>INCLUDE</Filter>
    </ClInclude>
    <ClInclude Include="..\INCLUDE\STDLIB.h">
      <Filter>INCLUDE</Filter>
    </ClInclude>
    <ClInclude Include="..\SRC\INCLUDE\CONSOLE.h">
      <Filter>SRC\INCLUDE</Filter>
    </ClInclude>
    <ClInclude Include="..\SRC\INCLUDE\KERNEL.h">
      <Filter>SRC\INCLUDE</Filter>
    </ClInclude>
    <ClInclude Include="..\SRC\INCLUDE\DISPLAY.h">
      <Filter>SRC\INCLUDE</Filter>
    </ClInclude>
    <ClInclude Include="..\INCLUDE\SYSTEM.h">
      <Filter>INCLUDE</Filter>
    </ClInclude>
    <ClInclude Include="..\SRC\INCLUDE\MEMORY.h">
      <Filter>SRC\INCLUDE</Filter>
    </ClInclude>
    <ClInclude Include="..\SRC\INCLUDE\DISK.h">
      <Filter>SRC\INCLUDE</Filter>
    </ClInclude>
    <ClInclude Include="..\SRC\INCLUDE\ABORT.h">
      <Filter>SRC\INCLUDE</Filter>
    </ClInclude>
    <ClInclude Include="..\SRC\INCLUDE\FS\FAT\FAT.h">
      <Filter>SRC\INCLUDE\FS\FAT</Filter>
    </ClInclude>
    <ClInclude Include="..\SRC\INCLUDE\FS\FAT\FAT12.h">
      <Filter>SRC\INCLUDE\FS\FAT</Filter>
    </ClInclude>
    <ClInclude Include="..\SRC\INCLUDE\FS\FAT\FATBlock.h">
      <Filter>SRC\INCLUDE\FS\FAT</Filter>
    </ClInclude>
    <ClInclude Include="..\SRC\INCLUDE\FS\FAT\FATDir.h">
      <Filter>SRC\INCLUDE\FS\FAT</Filter>
    </ClInclude>
    <ClInclude Include="..\SRC\INCLUDE\FS\FS.h">
      <Filter>SRC\INCLUDE\FS</Filter>
    </ClInclude>
  </ItemGroup>
  <ItemGroup>
    <ClCompile Include="..\SRC\KERNEL\kernel.c">
      <Filter>SRC\KERNEL</Filter>
    </ClCompile>
    <ClCompile Include="..\SRC\LIB\stdio.c">
      <Filter>SRC\LIB</Filter>
    </ClCompile>
    <ClCompile Include="..\SRC\KERNEL\main.c">
      <Filter>SRC\KERNEL</Filter>
    </ClCompile>
    <ClCompile Include="..\SRC\LIB\intr.c">
      <Filter>SRC\LIB</Filter>
    </ClCompile>
    <ClCompile Include="..\SRC\LIB\bios.c">
      <Filter>SRC\LIB</Filter>
    </ClCompile>
    <ClCompile Include="..\SRC\LIB\inters.c">
      <Filter>SRC\LIB</Filter>
    </ClCompile>
    <ClCompile Include="..\SRC\LIB\string.c">
      <Filter>SRC\LIB</Filter>
    </ClCompile>
    <ClCompile Include="..\SRC\LIB\ctype.c">
      <Filter>SRC\LIB</Filter>
    </ClCompile>
    <ClCompile Include="..\SRC\LIB\stdlib.c">
      <Filter>SRC\LIB</Filter>
    </ClCompile>
    <ClCompile Include="..\SRC\KERNEL\console.c">
      <Filter>SRC\KERNEL</Filter>
    </ClCompile>
    <ClCompile Include="..\SRC\KERNEL\display.c">
      <Filter>SRC\KERNEL</Filter>
    </ClCompile>
    <ClCompile Include="..\SRC\KERNEL\memory.c">
      <Filter>SRC\KERNEL</Filter>
    </ClCompile>
    <ClCompile Include="..\SRC\LIB\system.c">
      <Filter>SRC\LIB</Filter>
    </ClCompile>
    <ClCompile Include="..\SRC\KERNEL\abort.c">
      <Filter>SRC\KERNEL</Filter>
    </ClCompile>
    <ClCompile Include="..\SRC\KERNEL\disk.c">
      <Filter>SRC\KERNEL</Filter>
    </ClCompile>
    <ClCompile Include="..\SRC\KERNEL\FS\fs.c">
      <Filter>SRC\KERNEL\FS</Filter>
    </ClCompile>
    <ClCompile Include="..\SRC\KERNEL\FS\fatblock.c">
      <Filter>SRC\KERNEL\FS\FAT</Filter>
    </ClCompile>
    <ClCompile Include="..\SRC\KERNEL\FS\fat.c">
      <Filter>SRC\KERNEL\FS\FAT</Filter>
    </ClCompile>
    <ClCompile Include="..\SRC\KERNEL\FS\fat12.c">
      <Filter>SRC\KERNEL\FS\FAT</Filter>
    </ClCompile>
    <ClCompile Include="..\SRC\KERNEL\FS\fatdir.c">
      <Filter>SRC\KERNEL\FS\FAT</Filter>
    </ClCompile>
  </ItemGroup>
  <ItemGroup>
    <None Include="..\SRC\BOOT\FBOOT.ASM">
      <Filter>SRC\BOOT</Filter>
    </None>
    <None Include="..\SRC\KERNEL\entry.asm">
      <Filter>SRC\KERNEL</Filter>
    </None>
    <None Include="..\SRC\LIB\makefile.win">
      <Filter>SRC\LIB</Filter>
    </None>
    <None Include="..\SRC\KERNEL\makefile.win">
      <Filter>SRC\KERNEL</Filter>
    </None>
    <None Include="..\makefile.win" />
    <None Include="..\w.lnk" />
    <None Include="..\SRC\LIB\dointr.asm">
      <Filter>SRC\LIB</Filter>
    </None>
    <None Include="..\SRC\MATH\makefile.win">
      <Filter>SRC\MATH</Filter>
    </None>
    <None Include="..\SRC\MATH\mdef.inc">
      <Filter>SRC\MATH</Filter>
    </None>
    <None Include="..\SRC\MATH\struct.inc">
      <Filter>SRC\MATH</Filter>
    </None>
    <None Include="..\SRC\MATH\i8d086.asm">
      <Filter>SRC\MATH</Filter>
    </None>
    <None Include="..\SRC\LIB\system_a.asm">
      <Filter>SRC\LIB</Filter>
    </None>
    <None Include="..\SRC\MATH\i4d.asm">
      <Filter>SRC\MATH</Filter>
    </None>
    <None Include="..\SRC\MATH\i4m.asm">
      <Filter>SRC\MATH</Filter>
    </None>
    <None Include="..\SRC\KERNEL\FS\makefile.win">
      <Filter>SRC\KERNEL\FS</Filter>
    </None>
  </ItemGroup>
</Project>